
Microsoft Visual Studio Solution File, Format Version 12.00
Project("{FAE04EC0-301F-11D3-BF4B-00C04F79EFBC}") = "Api", "Api\Api.csproj", "{B83A8FB2-DF6E-4B37-9218-016918F9182A}"
EndProject
Project("{FAE04EC0-301F-11D3-BF4B-00C04F79EFBC}") = "ApiTests", "ApiTests\ApiTests.csproj", "{3A5BBDC8-66D6-4D78-A4BC-985161A52082}"
EndProject
Global
	GlobalSection(SolutionConfigurationPlatforms) = preSolution
		Debug|Any CPU = Debug|Any CPU
		Release|Any CPU = Release|Any CPU
	EndGlobalSection
	GlobalSection(ProjectConfigurationPlatforms) = postSolution
		{B83A8FB2-DF6E-4B37-9218-016918F9182A}.Debug|Any CPU.ActiveCfg = Debug|Any CPU
		{B83A8FB2-DF6E-4B37-9218-016918F9182A}.Debug|Any CPU.Build.0 = Debug|Any CPU
		{B83A8FB2-DF6E-4B37-9218-016918F9182A}.Release|Any CPU.ActiveCfg = Release|Any CPU
		{B83A8FB2-DF6E-4B37-9218-016918F9182A}.Release|Any CPU.Build.0 = Release|Any CPU
		{3A5BBDC8-66D6-4D78-A4BC-985161A52082}.Debug|Any CPU.ActiveCfg = Debug|Any CPU
		{3A5BBDC8-66D6-4D78-A4BC-985161A52082}.Debug|Any CPU.Build.0 = Debug|Any CPU
		{3A5BBDC8-66D6-4D78-A4BC-985161A52082}.Release|Any CPU.ActiveCfg = Release|Any CPU
		{3A5BBDC8-66D6-4D78-A4BC-985161A52082}.Release|Any CPU.Build.0 = Release|Any CPU
	EndGlobalSection
EndGlobal
